
Microsoft Visual Studio Solution File, Format Version 12.00
# Visual Studio 2012
Project("{FAE04EC0-301F-11D3-BF4B-00C04F79EFBC}") = "Example", "Example\Example.csproj", "{8F147855-E331-4EB1-93A9-6ABB5D0B0206}"
EndProject
Project("{FAE04EC0-301F-11D3-BF4B-00C04F79EFBC}") = "TypeScriptBundleTransform", "TypeScriptBundleTransform\TypeScriptBundleTransform.csproj", "{2F1FBE8A-CC54-45D3-9838-E3A0013CE6F0}"
EndProject
Global
	GlobalSection(SolutionConfigurationPlatforms) = preSolution
		Debug|Any CPU = Debug|Any CPU
		Release|Any CPU = Release|Any CPU
	EndGlobalSection
	GlobalSection(ProjectConfigurationPlatforms) = postSolution
		{8F147855-E331-4EB1-93A9-6ABB5D0B0206}.Debug|Any CPU.ActiveCfg = Debug|Any CPU
		{8F147855-E331-4EB1-93A9-6ABB5D0B0206}.Debug|Any CPU.Build.0 = Debug|Any CPU
		{8F147855-E331-4EB1-93A9-6ABB5D0B0206}.Release|Any CPU.ActiveCfg = Release|Any CPU
		{8F147855-E331-4EB1-93A9-6ABB5D0B0206}.Release|Any CPU.Build.0 = Release|Any CPU
		{2F1FBE8A-CC54-45D3-9838-E3A0013CE6F0}.Debug|Any CPU.ActiveCfg = Debug|Any CPU
		{2F1FBE8A-CC54-45D3-9838-E3A0013CE6F0}.Debug|Any CPU.Build.0 = Debug|Any CPU
		{2F1FBE8A-CC54-45D3-9838-E3A0013CE6F0}.Release|Any CPU.ActiveCfg = Release|Any CPU
		{2F1FBE8A-CC54-45D3-9838-E3A0013CE6F0}.Release|Any CPU.Build.0 = Release|Any CPU
	EndGlobalSection
	GlobalSection(SolutionProperties) = preSolution
		HideSolutionNode = FALSE
	EndGlobalSection
EndGlobal
